// !$*UTF8*$!
{
	archiveVersion = 1;
	classes = {
	};
	objectVersion = 50;
	objects = {

/* Begin PBXBuildFile section */
		2943E947210D96BE002423F7 /* AppDelegate.swift in Sources */ = {isa = PBXBuildFile; fileRef = 2943E946210D96BE002423F7 /* AppDelegate.swift */; };
		2943E94C210D96BE002423F7 /* Main.storyboard in Resources */ = {isa = PBXBuildFile; fileRef = 2943E94A210D96BE002423F7 /* Main.storyboard */; };
		2943E94E210D96C1002423F7 /* Assets.xcassets in Resources */ = {isa = PBXBuildFile; fileRef = 2943E94D210D96C1002423F7 /* Assets.xcassets */; };
		2943E951210D96C1002423F7 /* LaunchScreen.storyboard in Resources */ = {isa = PBXBuildFile; fileRef = 2943E94F210D96C1002423F7 /* LaunchScreen.storyboard */; };
		2943E95C210D96C1002423F7 /* MoviesTests.swift in Sources */ = {isa = PBXBuildFile; fileRef = 2943E95B210D96C1002423F7 /* MoviesTests.swift */; };
		2946C1E4210D9D62003E0266 /* SVProgressHUD.framework in Frameworks */ = {isa = PBXBuildFile; fileRef = 2946C1E2210D9D62003E0266 /* SVProgressHUD.framework */; };
		2946C1E5210D9D62003E0266 /* SVProgressHUD.framework in Embed Frameworks */ = {isa = PBXBuildFile; fileRef = 2946C1E2210D9D62003E0266 /* SVProgressHUD.framework */; settings = {ATTRIBUTES = (CodeSignOnCopy, RemoveHeadersOnCopy, ); }; };
		2946C1E6210D9D62003E0266 /* Kingfisher.framework in Frameworks */ = {isa = PBXBuildFile; fileRef = 2946C1E3210D9D62003E0266 /* Kingfisher.framework */; };
		2946C1E7210D9D62003E0266 /* Kingfisher.framework in Embed Frameworks */ = {isa = PBXBuildFile; fileRef = 2946C1E3210D9D62003E0266 /* Kingfisher.framework */; settings = {ATTRIBUTES = (CodeSignOnCopy, RemoveHeadersOnCopy, ); }; };
		2946C1F0210DA019003E0266 /* SearchMoviesViewController.swift in Sources */ = {isa = PBXBuildFile; fileRef = 2946C1EF210DA019003E0266 /* SearchMoviesViewController.swift */; };
		2946C1F2210DA02B003E0266 /* Movie.swift in Sources */ = {isa = PBXBuildFile; fileRef = 2946C1F1210DA02B003E0266 /* Movie.swift */; };
		2946C1F4210DA035003E0266 /* PageSession.swift in Sources */ = {isa = PBXBuildFile; fileRef = 2946C1F3210DA035003E0266 /* PageSession.swift */; };
		2946C1F6210DA044003E0266 /* MovieViewModel.swift in Sources */ = {isa = PBXBuildFile; fileRef = 2946C1F5210DA044003E0266 /* MovieViewModel.swift */; };
		2946C1F7210DA044003E0266 /* MovieViewModel.swift in Sources */ = {isa = PBXBuildFile; fileRef = 2946C1F5210DA044003E0266 /* MovieViewModel.swift */; };
		2946C1FA210DA062003E0266 /* NetworkManager.swift in Sources */ = {isa = PBXBuildFile; fileRef = 2946C1F9210DA062003E0266 /* NetworkManager.swift */; };
		2946C1FB210DA062003E0266 /* NetworkManager.swift in Sources */ = {isa = PBXBuildFile; fileRef = 2946C1F9210DA062003E0266 /* NetworkManager.swift */; };
		2946C1FD210DA06F003E0266 /* SearchManager.swift in Sources */ = {isa = PBXBuildFile; fileRef = 2946C1FC210DA06F003E0266 /* SearchManager.swift */; };
		2946C1FE210DA06F003E0266 /* SearchManager.swift in Sources */ = {isa = PBXBuildFile; fileRef = 2946C1FC210DA06F003E0266 /* SearchManager.swift */; };
		2946C200210DA09C003E0266 /* DateFormatter+MovieDate.swift in Sources */ = {isa = PBXBuildFile; fileRef = 2946C1FF210DA09C003E0266 /* DateFormatter+MovieDate.swift */; };
		2946C201210DA09C003E0266 /* DateFormatter+MovieDate.swift in Sources */ = {isa = PBXBuildFile; fileRef = 2946C1FF210DA09C003E0266 /* DateFormatter+MovieDate.swift */; };
		2946C206210DA0D1003E0266 /* MovieCell.xib in Resources */ = {isa = PBXBuildFile; fileRef = 2946C202210DA0D1003E0266 /* MovieCell.xib */; };
		2946C207210DA0D1003E0266 /* MovieCell.swift in Sources */ = {isa = PBXBuildFile; fileRef = 2946C203210DA0D1003E0266 /* MovieCell.swift */; };
		2946C208210DA0D1003E0266 /* RecentSearchCell.swift in Sources */ = {isa = PBXBuildFile; fileRef = 2946C204210DA0D1003E0266 /* RecentSearchCell.swift */; };
		2946C209210DA0D1003E0266 /* RecentSearchCell.xib in Resources */ = {isa = PBXBuildFile; fileRef = 2946C205210DA0D1003E0266 /* RecentSearchCell.xib */; };
		2946C20B210DA143003E0266 /* URL+PosterImage.swift in Sources */ = {isa = PBXBuildFile; fileRef = 2946C20A210DA143003E0266 /* URL+PosterImage.swift */; };
		2946C20D210DA26B003E0266 /* UIViewControllers+Helpers.swift in Sources */ = {isa = PBXBuildFile; fileRef = 2946C20C210DA26B003E0266 /* UIViewControllers+Helpers.swift */; };
/* End PBXBuildFile section */

/* Begin PBXContainerItemProxy section */
		2943E958210D96C1002423F7 /* PBXContainerItemProxy */ = {
			isa = PBXContainerItemProxy;
			containerPortal = 2943E93B210D96BE002423F7 /* Project object */;
			proxyType = 1;
			remoteGlobalIDString = 2943E942210D96BE002423F7;
			remoteInfo = Movies;
		};
/* End PBXContainerItemProxy section */

/* Begin PBXCopyFilesBuildPhase section */
		2946C1E8210D9D62003E0266 /* Embed Frameworks */ = {
			isa = PBXCopyFilesBuildPhase;
			buildActionMask = 2147483647;
			dstPath = "";
			dstSubfolderSpec = 10;
			files = (
				2946C1E7210D9D62003E0266 /* Kingfisher.framework in Embed Frameworks */,
				2946C1E5210D9D62003E0266 /* SVProgressHUD.framework in Embed Frameworks */,
			);
			name = "Embed Frameworks";
			runOnlyForDeploymentPostprocessing = 0;
		};
/* End PBXCopyFilesBuildPhase section */

/* Begin PBXFileReference section */
		2943E943210D96BE002423F7 /* Movies.app */ = {isa = PBXFileReference; explicitFileType = wrapper.application; includeInIndex = 0; path = Movies.app; sourceTree = BUILT_PRODUCTS_DIR; };
		2943E946210D96BE002423F7 /* AppDelegate.swift */ = {isa = PBXFileReference; lastKnownFileType = sourcecode.swift; path = AppDelegate.swift; sourceTree = "<group>"; };
		2943E94B210D96BE002423F7 /* Base */ = {isa = PBXFileReference; lastKnownFileType = file.storyboard; name = Base; path = Base.lproj/Main.storyboard; sourceTree = "<group>"; };
		2943E94D210D96C1002423F7 /* Assets.xcassets */ = {isa = PBXFileReference; lastKnownFileType = folder.assetcatalog; path = Assets.xcassets; sourceTree = "<group>"; };
		2943E950210D96C1002423F7 /* Base */ = {isa = PBXFileReference; lastKnownFileType = file.storyboard; name = Base; path = Base.lproj/LaunchScreen.storyboard; sourceTree = "<group>"; };
		2943E952210D96C1002423F7 /* Info.plist */ = {isa = PBXFileReference; lastKnownFileType = text.plist.xml; path = Info.plist; sourceTree = "<group>"; };
		2943E957210D96C1002423F7 /* MoviesTests.xctest */ = {isa = PBXFileReference; explicitFileType = wrapper.cfbundle; includeInIndex = 0; path = MoviesTests.xctest; sourceTree = BUILT_PRODUCTS_DIR; };
		2943E95B210D96C1002423F7 /* MoviesTests.swift */ = {isa = PBXFileReference; lastKnownFileType = sourcecode.swift; path = MoviesTests.swift; sourceTree = "<group>"; };
		2943E95D210D96C1002423F7 /* Info.plist */ = {isa = PBXFileReference; lastKnownFileType = text.plist.xml; path = Info.plist; sourceTree = "<group>"; };
		2946C1E2210D9D62003E0266 /* SVProgressHUD.framework */ = {isa = PBXFileReference; lastKnownFileType = wrapper.framework; name = SVProgressHUD.framework; path = Carthage/Build/iOS/SVProgressHUD.framework; sourceTree = "<group>"; };
		2946C1E3210D9D62003E0266 /* Kingfisher.framework */ = {isa = PBXFileReference; lastKnownFileType = wrapper.framework; name = Kingfisher.framework; path = Carthage/Build/iOS/Kingfisher.framework; sourceTree = "<group>"; };
		2946C1EF210DA019003E0266 /* SearchMoviesViewController.swift */ = {isa = PBXFileReference; lastKnownFileType = sourcecode.swift; path = SearchMoviesViewController.swift; sourceTree = "<group>"; };
		2946C1F1210DA02B003E0266 /* Movie.swift */ = {isa = PBXFileReference; lastKnownFileType = sourcecode.swift; path = Movie.swift; sourceTree = "<group>"; };
		2946C1F3210DA035003E0266 /* PageSession.swift */ = {isa = PBXFileReference; lastKnownFileType = sourcecode.swift; path = PageSession.swift; sourceTree = "<group>"; };
		2946C1F5210DA044003E0266 /* MovieViewModel.swift */ = {isa = PBXFileReference; lastKnownFileType = sourcecode.swift; path = MovieViewModel.swift; sourceTree = "<group>"; };
		2946C1F9210DA062003E0266 /* NetworkManager.swift */ = {isa = PBXFileReference; lastKnownFileType = sourcecode.swift; path = NetworkManager.swift; sourceTree = "<group>"; };
		2946C1FC210DA06F003E0266 /* SearchManager.swift */ = {isa = PBXFileReference; lastKnownFileType = sourcecode.swift; path = SearchManager.swift; sourceTree = "<group>"; };
		2946C1FF210DA09C003E0266 /* DateFormatter+MovieDate.swift */ = {isa = PBXFileReference; lastKnownFileType = sourcecode.swift; path = "DateFormatter+MovieDate.swift"; sourceTree = "<group>"; };
		2946C202210DA0D1003E0266 /* MovieCell.xib */ = {isa = PBXFileReference; fileEncoding = 4; lastKnownFileType = file.xib; path = MovieCell.xib; sourceTree = "<group>"; };
		2946C203210DA0D1003E0266 /* MovieCell.swift */ = {isa = PBXFileReference; fileEncoding = 4; lastKnownFileType = sourcecode.swift; path = MovieCell.swift; sourceTree = "<group>"; };
		2946C204210DA0D1003E0266 /* RecentSearchCell.swift */ = {isa = PBXFileReference; fileEncoding = 4; lastKnownFileType = sourcecode.swift; path = RecentSearchCell.swift; sourceTree = "<group>"; };
		2946C205210DA0D1003E0266 /* RecentSearchCell.xib */ = {isa = PBXFileReference; fileEncoding = 4; lastKnownFileType = file.xib; path = RecentSearchCell.xib; sourceTree = "<group>"; };
		2946C20A210DA143003E0266 /* URL+PosterImage.swift */ = {isa = PBXFileReference; lastKnownFileType = sourcecode.swift; path = "URL+PosterImage.swift"; sourceTree = "<group>"; };
		2946C20C210DA26B003E0266 /* UIViewControllers+Helpers.swift */ = {isa = PBXFileReference; lastKnownFileType = sourcecode.swift; path = "UIViewControllers+Helpers.swift"; sourceTree = "<group>"; };
/* End PBXFileReference section */

/* Begin PBXFrameworksBuildPhase section */
		2943E940210D96BE002423F7 /* Frameworks */ = {
			isa = PBXFrameworksBuildPhase;
			buildActionMask = 2147483647;
			files = (
				2946C1E6210D9D62003E0266 /* Kingfisher.framework in Frameworks */,
				2946C1E4210D9D62003E0266 /* SVProgressHUD.framework in Frameworks */,
			);
			runOnlyForDeploymentPostprocessing = 0;
		};
		2943E954210D96C1002423F7 /* Frameworks */ = {
			isa = PBXFrameworksBuildPhase;
			buildActionMask = 2147483647;
			files = (
			);
			runOnlyForDeploymentPostprocessing = 0;
		};
/* End PBXFrameworksBuildPhase section */

/* Begin PBXGroup section */
		2943E93A210D96BE002423F7 = {
			isa = PBXGroup;
			children = (
				2946C1E3210D9D62003E0266 /* Kingfisher.framework */,
				2946C1E2210D9D62003E0266 /* SVProgressHUD.framework */,
				2943E945210D96BE002423F7 /* Movies */,
				2943E95A210D96C1002423F7 /* MoviesTests */,
				2943E944210D96BE002423F7 /* Products */,
			);
			sourceTree = "<group>";
		};
		2943E944210D96BE002423F7 /* Products */ = {
			isa = PBXGroup;
			children = (
				2943E943210D96BE002423F7 /* Movies.app */,
				2943E957210D96C1002423F7 /* MoviesTests.xctest */,
			);
			name = Products;
			sourceTree = "<group>";
		};
		2943E945210D96BE002423F7 /* Movies */ = {
			isa = PBXGroup;
			children = (
				2943E946210D96BE002423F7 /* AppDelegate.swift */,
				2943E94A210D96BE002423F7 /* Main.storyboard */,
				2946C1F8210DA051003E0266 /* Managers */,
				2946C1EA210D9FDB003E0266 /* Controllers */,
				2946C1ED210D9FDB003E0266 /* Models */,
				2946C1EE210D9FDB003E0266 /* ViewModels */,
				2946C1EB210D9FDB003E0266 /* Views */,
				2946C1EC210D9FDB003E0266 /* Extensions */,
				2943E94D210D96C1002423F7 /* Assets.xcassets */,
				2943E94F210D96C1002423F7 /* LaunchScreen.storyboard */,
				2943E952210D96C1002423F7 /* Info.plist */,
			);
			path = Movies;
			sourceTree = "<group>";
		};
		2943E95A210D96C1002423F7 /* MoviesTests */ = {
			isa = PBXGroup;
			children = (
				2943E95B210D96C1002423F7 /* MoviesTests.swift */,
				2943E95D210D96C1002423F7 /* Info.plist */,
			);
			path = MoviesTests;
			sourceTree = "<group>";
		};
		2946C1EA210D9FDB003E0266 /* Controllers */ = {
			isa = PBXGroup;
			children = (
				2946C1EF210DA019003E0266 /* SearchMoviesViewController.swift */,
			);
			path = Controllers;
			sourceTree = "<group>";
		};
		2946C1EB210D9FDB003E0266 /* Views */ = {
			isa = PBXGroup;
			children = (
				2946C203210DA0D1003E0266 /* MovieCell.swift */,
				2946C202210DA0D1003E0266 /* MovieCell.xib */,
				2946C204210DA0D1003E0266 /* RecentSearchCell.swift */,
				2946C205210DA0D1003E0266 /* RecentSearchCell.xib */,
			);
			path = Views;
			sourceTree = "<group>";
		};
		2946C1EC210D9FDB003E0266 /* Extensions */ = {
			isa = PBXGroup;
			children = (
				2946C1FF210DA09C003E0266 /* DateFormatter+MovieDate.swift */,
				2946C20A210DA143003E0266 /* URL+PosterImage.swift */,
				2946C20C210DA26B003E0266 /* UIViewControllers+Helpers.swift */,
			);
			path = Extensions;
			sourceTree = "<group>";
		};
		2946C1ED210D9FDB003E0266 /* Models */ = {
			isa = PBXGroup;
			children = (
				2946C1F1210DA02B003E0266 /* Movie.swift */,
				2946C1F3210DA035003E0266 /* PageSession.swift */,
			);
			path = Models;
			sourceTree = "<group>";
		};
		2946C1EE210D9FDB003E0266 /* ViewModels */ = {
			isa = PBXGroup;
			children = (
				2946C1F5210DA044003E0266 /* MovieViewModel.swift */,
			);
			path = ViewModels;
			sourceTree = "<group>";
		};
		2946C1F8210DA051003E0266 /* Managers */ = {
			isa = PBXGroup;
			children = (
				2946C1F9210DA062003E0266 /* NetworkManager.swift */,
				2946C1FC210DA06F003E0266 /* SearchManager.swift */,
			);
			path = Managers;
			sourceTree = "<group>";
		};
/* End PBXGroup section */

/* Begin PBXNativeTarget section */
		2943E942210D96BE002423F7 /* Movies */ = {
			isa = PBXNativeTarget;
			buildConfigurationList = 2943E960210D96C1002423F7 /* Build configuration list for PBXNativeTarget "Movies" */;
			buildPhases = (
				2943E93F210D96BE002423F7 /* Sources */,
				2943E940210D96BE002423F7 /* Frameworks */,
				2943E941210D96BE002423F7 /* Resources */,
				2946C1E8210D9D62003E0266 /* Embed Frameworks */,
				2946C1E9210D9D69003E0266 /* ShellScript */,
			);
			buildRules = (
			);
			dependencies = (
			);
			name = Movies;
			productName = Movies;
			productReference = 2943E943210D96BE002423F7 /* Movies.app */;
			productType = "com.apple.product-type.application";
		};
		2943E956210D96C1002423F7 /* MoviesTests */ = {
			isa = PBXNativeTarget;
			buildConfigurationList = 2943E963210D96C1002423F7 /* Build configuration list for PBXNativeTarget "MoviesTests" */;
			buildPhases = (
				2943E953210D96C1002423F7 /* Sources */,
				2943E954210D96C1002423F7 /* Frameworks */,
				2943E955210D96C1002423F7 /* Resources */,
			);
			buildRules = (
			);
			dependencies = (
				2943E959210D96C1002423F7 /* PBXTargetDependency */,
			);
			name = MoviesTests;
			productName = MoviesTests;
			productReference = 2943E957210D96C1002423F7 /* MoviesTests.xctest */;
			productType = "com.apple.product-type.bundle.unit-test";
		};
/* End PBXNativeTarget section */

/* Begin PBXProject section */
		2943E93B210D96BE002423F7 /* Project object */ = {
			isa = PBXProject;
			attributes = {
				LastSwiftUpdateCheck = 0940;
				LastUpgradeCheck = 0940;
				ORGANIZATIONNAME = karthikeyan;
				TargetAttributes = {
					2943E942210D96BE002423F7 = {
						CreatedOnToolsVersion = 9.4;
					};
					2943E956210D96C1002423F7 = {
						CreatedOnToolsVersion = 9.4;
						TestTargetID = 2943E942210D96BE002423F7;
					};
				};
			};
			buildConfigurationList = 2943E93E210D96BE002423F7 /* Build configuration list for PBXProject "Movies" */;
			compatibilityVersion = "Xcode 9.3";
			developmentRegion = en;
			hasScannedForEncodings = 0;
			knownRegions = (
				en,
				Base,
			);
			mainGroup = 2943E93A210D96BE002423F7;
			productRefGroup = 2943E944210D96BE002423F7 /* Products */;
			projectDirPath = "";
			projectRoot = "";
			targets = (
				2943E942210D96BE002423F7 /* Movies */,
				2943E956210D96C1002423F7 /* MoviesTests */,
			);
		};
/* End PBXProject section */

/* Begin PBXResourcesBuildPhase section */
		2943E941210D96BE002423F7 /* Resources */ = {
			isa = PBXResourcesBuildPhase;
			buildActionMask = 2147483647;
			files = (
				2946C209210DA0D1003E0266 /* RecentSearchCell.xib in Resources */,
				2943E951210D96C1002423F7 /* LaunchScreen.storyboard in Resources */,
				2943E94E210D96C1002423F7 /* Assets.xcassets in Resources */,
				2946C206210DA0D1003E0266 /* MovieCell.xib in Resources */,
				2943E94C210D96BE002423F7 /* Main.storyboard in Resources */,
			);
			runOnlyForDeploymentPostprocessing = 0;
		};
		2943E955210D96C1002423F7 /* Resources */ = {
			isa = PBXResourcesBuildPhase;
			buildActionMask = 2147483647;
			files = (
			);
			runOnlyForDeploymentPostprocessing = 0;
		};
/* End PBXResourcesBuildPhase section */

/* Begin PBXShellScriptBuildPhase section */
		2946C1E9210D9D69003E0266 /* ShellScript */ = {
			isa = PBXShellScriptBuildPhase;
			buildActionMask = 2147483647;
			files = (
			);
			inputPaths = (
				"$(SRCROOT)/Carthage/Build/iOS/SVProgressHUD.framework",
				"$(SRCROOT)/Carthage/Build/iOS/Kingfisher.framework",
			);
			outputPaths = (
				"$(BUILT_PRODUCTS_DIR)/$(FRAMEWORKS_FOLDER_PATH)/Kingfisher.framework",
				"$(BUILT_PRODUCTS_DIR)/$(FRAMEWORKS_FOLDER_PATH)/SVProgressHUD.framework",
			);
			runOnlyForDeploymentPostprocessing = 0;
			shellPath = /bin/sh;
			shellScript = "/usr/local/bin/carthage copy-frameworks";
		};
/* End PBXShellScriptBuildPhase section */

/* Begin PBXSourcesBuildPhase section */
		2943E93F210D96BE002423F7 /* Sources */ = {
			isa = PBXSourcesBuildPhase;
			buildActionMask = 2147483647;
			files = (
				2946C20D210DA26B003E0266 /* UIViewControllers+Helpers.swift in Sources */,
				2946C1FA210DA062003E0266 /* NetworkManager.swift in Sources */,
				2946C1FD210DA06F003E0266 /* SearchManager.swift in Sources */,
				2946C20B210DA143003E0266 /* URL+PosterImage.swift in Sources */,
				2946C208210DA0D1003E0266 /* RecentSearchCell.swift in Sources */,
				2946C207210DA0D1003E0266 /* MovieCell.swift in Sources */,
				2946C1F0210DA019003E0266 /* SearchMoviesViewController.swift in Sources */,
				2946C200210DA09C003E0266 /* DateFormatter+MovieDate.swift in Sources */,
				2946C1F6210DA044003E0266 /* MovieViewModel.swift in Sources */,
				2946C1F4210DA035003E0266 /* PageSession.swift in Sources */,
				2943E947210D96BE002423F7 /* AppDelegate.swift in Sources */,
				2946C1F2210DA02B003E0266 /* Movie.swift in Sources */,
			);
			runOnlyForDeploymentPostprocessing = 0;
		};
		2943E953210D96C1002423F7 /* Sources */ = {
			isa = PBXSourcesBuildPhase;
			buildActionMask = 2147483647;
			files = (
				2946C1FB210DA062003E0266 /* NetworkManager.swift in Sources */,
				2943E95C210D96C1002423F7 /* MoviesTests.swift in Sources */,
				2946C201210DA09C003E0266 /* DateFormatter+MovieDate.swift in Sources */,
				2946C1F7210DA044003E0266 /* MovieViewModel.swift in Sources */,
				2946C1FE210DA06F003E0266 /* SearchManager.swift in Sources */,
			);
			runOnlyForDeploymentPostprocessing = 0;
		};
/* End PBXSourcesBuildPhase section */

/* Begin PBXTargetDependency section */
		2943E959210D96C1002423F7 /* PBXTargetDependency */ = {
			isa = PBXTargetDependency;
			target = 2943E942210D96BE002423F7 /* Movies */;
			targetProxy = 2943E958210D96C1002423F7 /* PBXContainerItemProxy */;
		};
/* End PBXTargetDependency section */

/* Begin PBXVariantGroup section */
		2943E94A210D96BE002423F7 /* Main.storyboard */ = {
			isa = PBXVariantGroup;
			children = (
				2943E94B210D96BE002423F7 /* Base */,
			);
			name = Main.storyboard;
			sourceTree = "<group>";
		};
		2943E94F210D96C1002423F7 /* LaunchScreen.storyboard */ = {
			isa = PBXVariantGroup;
			children = (
				2943E950210D96C1002423F7 /* Base */,
			);
			name = LaunchScreen.storyboard;
			sourceTree = "<group>";
		};
/* End PBXVariantGroup section */

/* Begin XCBuildConfiguration section */
		2943E95E210D96C1002423F7 /* Debug */ = {
			isa = XCBuildConfiguration;
			buildSettings = {
				ALWAYS_SEARCH_USER_PATHS = NO;
				CLANG_ANALYZER_NONNULL = YES;
				CLANG_ANALYZER_NUMBER_OBJECT_CONVERSION = YES_AGGRESSIVE;
				CLANG_CXX_LANGUAGE_STANDARD = "gnu++14";
				CLANG_CXX_LIBRARY = "libc++";
				CLANG_ENABLE_MODULES = YES;
				CLANG_ENABLE_OBJC_ARC = YES;
				CLANG_ENABLE_OBJC_WEAK = YES;
				CLANG_WARN_BLOCK_CAPTURE_AUTORELEASING = YES;
				CLANG_WARN_BOOL_CONVERSION = YES;
				CLANG_WARN_COMMA = YES;
				CLANG_WARN_CONSTANT_CONVERSION = YES;
				CLANG_WARN_DEPRECATED_OBJC_IMPLEMENTATIONS = YES;
				CLANG_WARN_DIRECT_OBJC_ISA_USAGE = YES_ERROR;
				CLANG_WARN_DOCUMENTATION_COMMENTS = YES;
				CLANG_WARN_EMPTY_BODY = YES;
				CLANG_WARN_ENUM_CONVERSION = YES;
				CLANG_WARN_INFINITE_RECURSION = YES;
				CLANG_WARN_INT_CONVERSION = YES;
				CLANG_WARN_NON_LITERAL_NULL_CONVERSION = YES;
				CLANG_WARN_OBJC_IMPLICIT_RETAIN_SELF = YES;
				CLANG_WARN_OBJC_LITERAL_CONVERSION = YES;
				CLANG_WARN_OBJC_ROOT_CLASS = YES_ERROR;
				CLANG_WARN_RANGE_LOOP_ANALYSIS = YES;
				CLANG_WARN_STRICT_PROTOTYPES = YES;
				CLANG_WARN_SUSPICIOUS_MOVE = YES;
				CLANG_WARN_UNGUARDED_AVAILABILITY = YES_AGGRESSIVE;
				CLANG_WARN_UNREACHABLE_CODE = YES;
				CLANG_WARN__DUPLICATE_METHOD_MATCH = YES;
				CODE_SIGN_IDENTITY = "iPhone Developer";
				COPY_PHASE_STRIP = NO;
				DEBUG_INFORMATION_FORMAT = dwarf;
				ENABLE_STRICT_OBJC_MSGSEND = YES;
				ENABLE_TESTABILITY = YES;
				GCC_C_LANGUAGE_STANDARD = gnu11;
				GCC_DYNAMIC_NO_PIC = NO;
				GCC_NO_COMMON_BLOCKS = YES;
				GCC_OPTIMIZATION_LEVEL = 0;
				GCC_PREPROCESSOR_DEFINITIONS = (
					"DEBUG=1",
					"$(inherited)",
				);
				GCC_WARN_64_TO_32_BIT_CONVERSION = YES;
				GCC_WARN_ABOUT_RETURN_TYPE = YES_ERROR;
				GCC_WARN_UNDECLARED_SELECTOR = YES;
				GCC_WARN_UNINITIALIZED_AUTOS = YES_AGGRESSIVE;
				GCC_WARN_UNUSED_FUNCTION = YES;
				GCC_WARN_UNUSED_VARIABLE = YES;
				IPHONEOS_DEPLOYMENT_TARGET = 11.4;
				MTL_ENABLE_DEBUG_INFO = YES;
				ONLY_ACTIVE_ARCH = YES;
				SDKROOT = iphoneos;
				SWIFT_ACTIVE_COMPILATION_CONDITIONS = DEBUG;
				SWIFT_OPTIMIZATION_LEVEL = "-Onone";
			};
			name = Debug;
		};
		2943E95F210D96C1002423F7 /* Release */ = {
			isa = XCBuildConfiguration;
			buildSettings = {
				ALWAYS_SEARCH_USER_PATHS = NO;
				CLANG_ANALYZER_NONNULL = YES;
				CLANG_ANALYZER_NUMBER_OBJECT_CONVERSION = YES_AGGRESSIVE;
				CLANG_CXX_LANGUAGE_STANDARD = "gnu++14";
				CLANG_CXX_LIBRARY = "libc++";
				CLANG_ENABLE_MODULES = YES;
				CLANG_ENABLE_OBJC_ARC = YES;
				CLANG_ENABLE_OBJC_WEAK = YES;
				CLANG_WARN_BLOCK_CAPTURE_AUTORELEASING = YES;
				CLANG_WARN_BOOL_CONVERSION = YES;
				CLANG_WARN_COMMA = YES;
				CLANG_WARN_CONSTANT_CONVERSION = YES;
				CLANG_WARN_DEPRECATED_OBJC_IMPLEMENTATIONS = YES;
				CLANG_WARN_DIRECT_OBJC_ISA_USAGE = YES_ERROR;
				CLANG_WARN_DOCUMENTATION_COMMENTS = YES;
				CLANG_WARN_EMPTY_BODY = YES;
				CLANG_WARN_ENUM_CONVERSION = YES;
				CLANG_WARN_INFINITE_RECURSION = YES;
				CLANG_WARN_INT_CONVERSION = YES;
				CLANG_WARN_NON_LITERAL_NULL_CONVERSION = YES;
				CLANG_WARN_OBJC_IMPLICIT_RETAIN_SELF = YES;
				CLANG_WARN_OBJC_LITERAL_CONVERSION = YES;
				CLANG_WARN_OBJC_ROOT_CLASS = YES_ERROR;
				CLANG_WARN_RANGE_LOOP_ANALYSIS = YES;
				CLANG_WARN_STRICT_PROTOTYPES = YES;
				CLANG_WARN_SUSPICIOUS_MOVE = YES;
				CLANG_WARN_UNGUARDED_AVAILABILITY = YES_AGGRESSIVE;
				CLANG_WARN_UNREACHABLE_CODE = YES;
				CLANG_WARN__DUPLICATE_METHOD_MATCH = YES;
				CODE_SIGN_IDENTITY = "iPhone Developer";
				COPY_PHASE_STRIP = NO;
				DEBUG_INFORMATION_FORMAT = "dwarf-with-dsym";
				ENABLE_NS_ASSERTIONS = NO;
				ENABLE_STRICT_OBJC_MSGSEND = YES;
				GCC_C_LANGUAGE_STANDARD = gnu11;
				GCC_NO_COMMON_BLOCKS = YES;
				GCC_WARN_64_TO_32_BIT_CONVERSION = YES;
				GCC_WARN_ABOUT_RETURN_TYPE = YES_ERROR;
				GCC_WARN_UNDECLARED_SELECTOR = YES;
				GCC_WARN_UNINITIALIZED_AUTOS = YES_AGGRESSIVE;
				GCC_WARN_UNUSED_FUNCTION = YES;
				GCC_WARN_UNUSED_VARIABLE = YES;
				IPHONEOS_DEPLOYMENT_TARGET = 11.4;
				MTL_ENABLE_DEBUG_INFO = NO;
				SDKROOT = iphoneos;
				SWIFT_COMPILATION_MODE = wholemodule;
				SWIFT_OPTIMIZATION_LEVEL = "-O";
				VALIDATE_PRODUCT = YES;
			};
			name = Release;
		};
		2943E961210D96C1002423F7 /* Debug */ = {
			isa = XCBuildConfiguration;
			buildSettings = {
				ASSETCATALOG_COMPILER_APPICON_NAME = AppIcon;
				CODE_SIGN_STYLE = Manual;
				DEVELOPMENT_TEAM = "";
				FRAMEWORK_SEARCH_PATHS = (
					"$(inherited)",
					"$(PROJECT_DIR)/Carthage/Build/iOS",
				);
				INFOPLIST_FILE = Movies/Info.plist;
				IPHONEOS_DEPLOYMENT_TARGET = 9.0;
				LD_RUNPATH_SEARCH_PATHS = (
					"$(inherited)",
					"@executable_path/Frameworks",
				);
				PRODUCT_BUNDLE_IDENTIFIER = com.app.Movies;
				PRODUCT_NAME = "$(TARGET_NAME)";
				PROVISIONING_PROFILE_SPECIFIER = "";
				SWIFT_VERSION = 4.0;
				TARGETED_DEVICE_FAMILY = "1,2";
			};
			name = Debug;
		};
		2943E962210D96C1002423F7 /* Release */ = {
			isa = XCBuildConfiguration;
			buildSettings = {
				ASSETCATALOG_COMPILER_APPICON_NAME = AppIcon;
				CODE_SIGN_STYLE = Manual;
				DEVELOPMENT_TEAM = "";
				FRAMEWORK_SEARCH_PATHS = (
					"$(inherited)",
					"$(PROJECT_DIR)/Carthage/Build/iOS",
				);
				INFOPLIST_FILE = Movies/Info.plist;
				IPHONEOS_DEPLOYMENT_TARGET = 9.0;
				LD_RUNPATH_SEARCH_PATHS = (
					"$(inherited)",
					"@executable_path/Frameworks",
				);
				PRODUCT_BUNDLE_IDENTIFIER = com.app.Movies;
				PRODUCT_NAME = "$(TARGET_NAME)";
				PROVISIONING_PROFILE_SPECIFIER = "";
				SWIFT_VERSION = 4.0;
				TARGETED_DEVICE_FAMILY = "1,2";
			};
			name = Release;
		};
		2943E964210D96C1002423F7 /* Debug */ = {
			isa = XCBuildConfiguration;
			buildSettings = {
				ALWAYS_EMBED_SWIFT_STANDARD_LIBRARIES = YES;
				BUNDLE_LOADER = "$(TEST_HOST)";
				CODE_SIGN_STYLE = Automatic;
				INFOPLIST_FILE = MoviesTests/Info.plist;
				LD_RUNPATH_SEARCH_PATHS = (
					"$(inherited)",
					"@executable_path/Frameworks",
					"@loader_path/Frameworks",
				);
				PRODUCT_BUNDLE_IDENTIFIER = com.app.MoviesTests;
				PRODUCT_NAME = "$(TARGET_NAME)";
				SWIFT_VERSION = 4.0;
				TARGETED_DEVICE_FAMILY = "1,2";
				TEST_HOST = "$(BUILT_PRODUCTS_DIR)/Movies.app/Movies";
			};
			name = Debug;
		};
		2943E965210D96C1002423F7 /* Release */ = {
			isa = XCBuildConfiguration;
			buildSettings = {
				ALWAYS_EMBED_SWIFT_STANDARD_LIBRARIES = YES;
				BUNDLE_LOADER = "$(TEST_HOST)";
				CODE_SIGN_STYLE = Automatic;
				INFOPLIST_FILE = MoviesTests/Info.plist;
				LD_RUNPATH_SEARCH_PATHS = (
					"$(inherited)",
					"@executable_path/Frameworks",
					"@loader_path/Frameworks",
				);
				PRODUCT_BUNDLE_IDENTIFIER = com.app.MoviesTests;
				PRODUCT_NAME = "$(TARGET_NAME)";
				SWIFT_VERSION = 4.0;
				TARGETED_DEVICE_FAMILY = "1,2";
				TEST_HOST = "$(BUILT_PRODUCTS_DIR)/Movies.app/Movies";
			};
			name = Release;
		};
/* End XCBuildConfiguration section */

/* Begin XCConfigurationList section */
		2943E93E210D96BE002423F7 /* Build configuration list for PBXProject "Movies" */ = {
			isa = XCConfigurationList;
			buildConfigurations = (
				2943E95E210D96C1002423F7 /* Debug */,
				2943E95F210D96C1002423F7 /* Release */,
			);
			defaultConfigurationIsVisible = 0;
			defaultConfigurationName = Release;
		};
		2943E960210D96C1002423F7 /* Build configuration list for PBXNativeTarget "Movies" */ = {
			isa = XCConfigurationList;
			buildConfigurations = (
				2943E961210D96C1002423F7 /* Debug */,
				2943E962210D96C1002423F7 /* Release */,
			);
			defaultConfigurationIsVisible = 0;
			defaultConfigurationName = Release;
		};
		2943E963210D96C1002423F7 /* Build configuration list for PBXNativeTarget "MoviesTests" */ = {
			isa = XCConfigurationList;
			buildConfigurations = (
				2943E964210D96C1002423F7 /* Debug */,
				2943E965210D96C1002423F7 /* Release */,
			);
			defaultConfigurationIsVisible = 0;
			defaultConfigurationName = Release;
		};
/* End XCConfigurationList section */
	};
	rootObject = 2943E93B210D96BE002423F7 /* Project object */;
}
